<?xml version="1.0" encoding="UTF-8"?>
<Scheme
   LastUpgradeVersion = "1620"
   version = "1.7">
   <BuildAction
      parallelizeBuildables = "YES"
      buildImplicitDependencies = "YES">
      <BuildActionEntries>
         <BuildActionEntry
            buildForTesting = "YES"
            buildForRunning = "YES"
            buildForProfiling = "YES"
            buildForArchiving = "YES"
            buildForAnalyzing = "YES">
            <BuildableReference
               BuildableIdentifier = "primary"
               BlueprintIdentifier = "AB0000000000000000000002"
               BuildableName = "ResidenceArchive.app"
               BlueprintName = "ResidenceArchive"
               ReferencedContainer = "container:ResidenceArchive.xcodeproj">
            </BuildableReference>
         </BuildActionEntry>
      </BuildActionEntries>
   </BuildAction>
   <TestAction
      buildConfiguration = "Debug"
      selectedDebuggerIdentifier = "Xcode.DebuggerFoundation.Debugger.LLDB"
      selectedLauncherIdentifier = "Xcode.DebuggerFoundation.Launcher.LLDB"
      shouldUseLaunchSchemeArgsEnv = "YES">
      <Testables>
      </Testables>
   </TestAction>
   <LaunchAction
      buildConfiguration = "Debug"
      selectedDebuggerIdentifier = "Xcode.DebuggerFoundation.Debugger.LLDB"
      selectedLauncherIdentifier = "Xcode.DebuggerFoundation.Launcher.LLDB"
      launchStyle = "0"
      useCustomWorkingDirectory = "NO"
      ignoresPersistentStateOnLaunch = "NO"
      debugDocumentVersioning = "YES"
      debugServiceExtension = "internal"
      allowLocationSimulation = "YES">
      <BuildableProductRunnable
         runnableDebuggingMode = "0">
         <BuildableReference
            BuildableIdentifier = "primary"
            BlueprintIdentifier = "AB0000000000000000000002"
            BuildableName = "ResidenceArchive.app"
            BlueprintName = "ResidenceArchive"
            ReferencedContainer = "container:ResidenceArchive.xcodeproj">
         </BuildableReference>
      </BuildableProductRunnable>
      <!--
        Where the app points. The simulator can reach the Mac's localhost; a physical
        device cannot, so change API_URL to your Mac's LAN address (e.g.
        http://192.168.1.5:8099) when running on hardware. SITE_ORIGIN is where the
        IMAGES come from — the API returns root-relative paths and does not serve files.
      -->
      <EnvironmentVariables>
         <EnvironmentVariable
            key = "API_URL"
            value = "http://localhost:8099"
            isEnabled = "YES">
         </EnvironmentVariable>
         <EnvironmentVariable
            key = "SITE_ORIGIN"
            value = "https://mkalaimalai-residence.github.io"
            isEnabled = "YES">
         </EnvironmentVariable>
      </EnvironmentVariables>
   </LaunchAction>
   <ProfileAction
      buildConfiguration = "Release"
      shouldUseLaunchSchemeArgsEnv = "YES"
      savedToolIdentifier = ""
      useCustomWorkingDirectory = "NO"
      debugDocumentVersioning = "YES">
      <BuildableProductRunnable
         runnableDebuggingMode = "0">
         <BuildableReference
            BuildableIdentifier = "primary"
            BlueprintIdentifier = "AB0000000000000000000002"
            BuildableName = "ResidenceArchive.app"
            BlueprintName = "ResidenceArchive"
            ReferencedContainer = "container:ResidenceArchive.xcodeproj">
         </BuildableReference>
      </BuildableProductRunnable>
   </ProfileAction>
   <AnalyzeAction
      buildConfiguration = "Debug">
   </AnalyzeAction>
   <ArchiveAction
      buildConfiguration = "Release"
      revealArchiveInOrganizer = "YES">
   </ArchiveAction>
</Scheme>
